
Microsoft Visual Studio Solution File, Format Version 12.00
# Visual Studio Version 17
VisualStudioVersion = 17.11.35312.102
MinimumVisualStudioVersion = 10.0.40219.1
Project("{FAE04EC0-301F-11D3-BF4B-00C04F79EFBC}") = "Daydream 5 - Desktop Edition", "Daydream 5 - Desktop Edition\Daydream 5 - Desktop Edition.csproj", "{9CD05D16-8503-4B10-B9A4-0C499055179D}"
EndProject
Global
	GlobalSection(SolutionConfigurationPlatforms) = preSolution
		Debug|Any CPU = Debug|Any CPU
		Release|Any CPU = Release|Any CPU
	EndGlobalSection
	GlobalSection(ProjectConfigurationPlatforms) = postSolution
		{9CD05D16-8503-4B10-B9A4-0C499055179D}.Debug|Any CPU.ActiveCfg = Debug|Any CPU
		{9CD05D16-8503-4B10-B9A4-0C499055179D}.Debug|Any CPU.Build.0 = Debug|Any CPU
		{9CD05D16-8503-4B10-B9A4-0C499055179D}.Release|Any CPU.ActiveCfg = Release|Any CPU
		{9CD05D16-8503-4B10-B9A4-0C499055179D}.Release|Any CPU.Build.0 = Release|Any CPU
	EndGlobalSection
	GlobalSection(SolutionProperties) = preSolution
		HideSolutionNode = FALSE
	EndGlobalSection
	GlobalSection(ExtensibilityGlobals) = postSolution
		SolutionGuid = {1316765C-8865-4884-959B-3E733B11093F}
	EndGlobalSection
EndGlobal
